
Microsoft Visual Studio Solution File, Format Version 12.00
# Visual Studio Version 16
VisualStudioVersion = 16.0.34301.259
MinimumVisualStudioVersion = 10.0.40219.1
Project("{8BC9CEB8-8B4A-11D0-8D11-00A0C91BC942}") = "Penguin_Elephant_Duck", "Penguin_Elephant_Duck.vcxproj", "{0EAE3015-80B2-42AD-B70F-1F80E43EC5ED}"
EndProject
Global
	GlobalSection(SolutionConfigurationPlatforms) = preSolution
		Debug|x64 = Debug|x64
		Debug|x86 = Debug|x86
		Release|x64 = Release|x64
		Release|x86 = Release|x86
	EndGlobalSection
	GlobalSection(ProjectConfigurationPlatforms) = postSolution
		{0EAE3015-80B2-42AD-B70F-1F80E43EC5ED}.Debug|x64.ActiveCfg = Debug|x64
		{0EAE3015-80B2-42AD-B70F-1F80E43EC5ED}.Debug|x64.Build.0 = Debug|x64
		{0EAE3015-80B2-42AD-B70F-1F80E43EC5ED}.Debug|x86.ActiveCfg = Debug|Win32
		{0EAE3015-80B2-42AD-B70F-1F80E43EC5ED}.Debug|x86.Build.0 = Debug|Win32
		{0EAE3015-80B2-42AD-B70F-1F80E43EC5ED}.Release|x64.ActiveCfg = Release|x64
		{0EAE3015-80B2-42AD-B70F-1F80E43EC5ED}.Release|x64.Build.0 = Release|x64
		{0EAE3015-80B2-42AD-B70F-1F80E43EC5ED}.Release|x86.ActiveCfg = Release|Win32
		{0EAE3015-80B2-42AD-B70F-1F80E43EC5ED}.Release|x86.Build.0 = Release|Win32
	EndGlobalSection
	GlobalSection(SolutionProperties) = preSolution
		HideSolutionNode = FALSE
	EndGlobalSection
	GlobalSection(ExtensibilityGlobals) = postSolution
		SolutionGuid = {74F1B0AD-10F9-4495-9A83-2F7540DEA73C}
	EndGlobalSection
EndGlobal
